github.com/brutella/can v0.0.2 h1:8TyjZrBZSwQwSr5x3U9KtKzGW8HNE/NpUgsNcYDAVIM=
github.com/brutella/can v0.0.2/go.mod h1:NYDxbQito3w4+4DcjWs/fpQ3xyaFdpXw/KYqtZFU98k=
github.com/hack-pad/safejs v0.1.1 h1:d5qPO0iQ7h2oVtpzGnLExE+Wn9AtytxIfltcS2b9KD8=
github.com/hack-pad/safejs v0.1.1/go.mod h1:HdS+bKF1NrE72VoXZeWzxFOVQVUSqZJAG0xNCnb+Tio=
github.com/nlepage/go-js-promise v1.0.0 h1:K7OmJ3+0BgWJ2LfXchg2sI6RDr7AW/KWR8182epFwGQ=
github.com/nlepage/go-js-promise v1.0.0/go.mod h1:bdOP0wObXu34euibyK39K1hoBCtlgTKXGc56AGflaRo=
github.com/nlepage/go-wasm-http-server v1.1.0 h1:phw2NtSp71m/6NmGjE2veQ41PBPzWFcnE614cKucy5M=
github.com/nlepage/go-wasm-http-server v1.1.0/go.mod h1:xpffUeN97vuv8CTlMJ2oC5tPsftfPoG9HkAgI9gkiPI=
github.com/nlepage/go-wasm-http-server/v2 v2.2.1 h1:4tzhSb3HKQ3Ykt2TPfqEnmcPfw8n1E8agv4OzAyckr8=
github.com/nlepage/go-wasm-http-server/v2 v2.2.1/go.mod h1:r8j7cEOeUqNp+c+C52sNuWaFTvvT/cNqIwBuEtA36HA=
golang.org/x/sys v0.0.0-20181213200352-4d1cda033e06/go.mod h1:STP8DvDyc/dI5b8T5hshtkjS+E42TnysNCUPdjciGhY=
golang.org/x/sys v0.4.0 h1:Zr2JFtRQNX3BCZ8YtxRE9hNJYC8J6I1MVbMg6owUp18=
golang.org/x/sys v0.4.0/go.mod h1:oPkhp1MJrh7nUepCBck5+mAzfO9JrbApNNgaTdGDITg=
